
Microsoft Visual Studio Solution File, Format Version 12.00
# Visual Studio Version 17
VisualStudioVersion = 17.0.31903.59
MinimumVisualStudioVersion = 10.0.40219.1
Project("{FAE04EC0-301F-11D3-BF4B-00C04F79EFBC}") = "Server", "Server\Server.csproj", "{E6D58B71-36A0-4747-AE77-01F00FD95E32}"
EndProject
Project("{FAE04EC0-301F-11D3-BF4B-00C04F79EFBC}") = "Server.Tests", "Server.Tests\Server.Tests.csproj", "{104CAC94-9F46-4A2B-A702-54A9AD905B44}"
EndProject
Global
	GlobalSection(SolutionConfigurationPlatforms) = preSolution
		Debug|Any CPU = Debug|Any CPU
		Release|Any CPU = Release|Any CPU
	EndGlobalSection
	GlobalSection(SolutionProperties) = preSolution
		HideSolutionNode = FALSE
	EndGlobalSection
	GlobalSection(ProjectConfigurationPlatforms) = postSolution
		{E6D58B71-36A0-4747-AE77-01F00FD95E32}.Debug|Any CPU.ActiveCfg = Debug|Any CPU
		{E6D58B71-36A0-4747-AE77-01F00FD95E32}.Debug|Any CPU.Build.0 = Debug|Any CPU
		{E6D58B71-36A0-4747-AE77-01F00FD95E32}.Release|Any CPU.ActiveCfg = Release|Any CPU
		{E6D58B71-36A0-4747-AE77-01F00FD95E32}.Release|Any CPU.Build.0 = Release|Any CPU
		{104CAC94-9F46-4A2B-A702-54A9AD905B44}.Debug|Any CPU.ActiveCfg = Debug|Any CPU
		{104CAC94-9F46-4A2B-A702-54A9AD905B44}.Debug|Any CPU.Build.0 = Debug|Any CPU
		{104CAC94-9F46-4A2B-A702-54A9AD905B44}.Release|Any CPU.ActiveCfg = Release|Any CPU
		{104CAC94-9F46-4A2B-A702-54A9AD905B44}.Release|Any CPU.Build.0 = Release|Any CPU
	EndGlobalSection
EndGlobal
